// !$*UTF8*$!
{
	archiveVersion = 1;
	classes = {
	};
	objectVersion = 50;
	objects = {

/* Begin PBXBuildFile section */
		174D54422513ED9D00C1EEB4 /* Main.storyboard in Resources */ = {isa = PBXBuildFile; fileRef = 174D54402513ED9D00C1EEB4 /* Main.storyboard */; };
		174D54442513EDA100C1EEB4 /* Assets.xcassets in Resources */ = {isa = PBXBuildFile; fileRef = 174D54432513EDA100C1EEB4 /* Assets.xcassets */; };
		174D54472513EDA100C1EEB4 /* LaunchScreen.storyboard in Resources */ = {isa = PBXBuildFile; fileRef = 174D54452513EDA100C1EEB4 /* LaunchScreen.storyboard */; };
		174D54522513EDA100C1EEB4 /* Match_the_MembersTests.swift in Sources */ = {isa = PBXBuildFile; fileRef = 174D54512513EDA100C1EEB4 /* Match_the_MembersTests.swift */; };
		174D545D2513EDA100C1EEB4 /* Match_the_MembersUITests.swift in Sources */ = {isa = PBXBuildFile; fileRef = 174D545C2513EDA100C1EEB4 /* Match_the_MembersUITests.swift */; };
		174D54702513EE4B00C1EEB4 /* SceneDelegate.swift in Sources */ = {isa = PBXBuildFile; fileRef = 174D546C2513EE4B00C1EEB4 /* SceneDelegate.swift */; };
		174D54812513F44C00C1EEB4 /* AppDelegate.swift in Sources */ = {isa = PBXBuildFile; fileRef = 174D547B2513F44A00C1EEB4 /* AppDelegate.swift */; };
		174D54852513F5D200C1EEB4 /* GameDoneViewController.swift in Sources */ = {isa = PBXBuildFile; fileRef = 174D54842513F5D200C1EEB4 /* GameDoneViewController.swift */; };
		174D54872513F61300C1EEB4 /* MainGameViewController.swift in Sources */ = {isa = PBXBuildFile; fileRef = 174D54862513F61300C1EEB4 /* MainGameViewController.swift */; };
		174D54E12513F65A00C1EEB4 /* Constants.swift in Sources */ = {isa = PBXBuildFile; fileRef = 174D54882513F65400C1EEB4 /* Constants.swift */; };
		174D54E22513F65A00C1EEB4 /* oliviali.jpg in Resources */ = {isa = PBXBuildFile; fileRef = 174D548A2513F65900C1EEB4 /* oliviali.jpg */; };
		174D54E32513F65A00C1EEB4 /* izzielau.jpeg in Resources */ = {isa = PBXBuildFile; fileRef = 174D548B2513F65900C1EEB4 /* izzielau.jpeg */; };
		174D54E42513F65A00C1EEB4 /* simranregmi.jpg in Resources */ = {isa = PBXBuildFile; fileRef = 174D548C2513F65900C1EEB4 /* simranregmi.jpg */; };
		174D54E52513F65A00C1EEB4 /* kianago.jpg in Resources */ = {isa = PBXBuildFile; fileRef = 174D548D2513F65900C1EEB4 /* kianago.jpg */; };
		174D54E62513F65A00C1EEB4 /* srujaykorlakunta.jpg in Resources */ = {isa = PBXBuildFile; fileRef = 174D548E2513F65900C1EEB4 /* srujaykorlakunta.jpg */; };
		174D54E72513F65A00C1EEB4 /* shauryasanghvi.jpg in Resources */ = {isa = PBXBuildFile; fileRef = 174D548F2513F65900C1EEB4 /* shauryasanghvi.jpg */; };
		174D54E82513F65A00C1EEB4 /* anmolparande.jpg in Resources */ = {isa = PBXBuildFile; fileRef = 174D54902513F65900C1EEB4 /* anmolparande.jpg */; };
		174D54E92513F65A00C1EEB4 /* rinivasan.jpeg in Resources */ = {isa = PBXBuildFile; fileRef = 174D54912513F65900C1EEB4 /* rinivasan.jpeg */; };
		174D54EA2513F65A00C1EEB4 /* aadypillai.jpg in Resources */ = {isa = PBXBuildFile; fileRef = 174D54922513F65900C1EEB4 /* aadypillai.jpg */; };
		174D54EB2513F65A00C1EEB4 /* shomiljain.jpg in Resources */ = {isa = PBXBuildFile; fileRef = 174D54932513F65900C1EEB4 /* shomiljain.jpg */; };
		174D54EC2513F65A00C1EEB4 /* julietkim.jpg in Resources */ = {isa = PBXBuildFile; fileRef = 174D54942513F65900C1EEB4 /* julietkim.jpg */; };
		174D54ED2513F65A00C1EEB4 /* anjalithakrar.jpg in Resources */ = {isa = PBXBuildFile; fileRef = 174D54952513F65900C1EEB4 /* anjalithakrar.jpg */; };
		174D54EE2513F65A00C1EEB4 /* andrewsantoso.jpg in Resources */ = {isa = PBXBuildFile; fileRef = 174D54962513F65900C1EEB4 /* andrewsantoso.jpg */; };
		174D54EF2513F65A00C1EEB4 /* joeyhejna.jpg in Resources */ = {isa = PBXBuildFile; fileRef = 174D54972513F65900C1EEB4 /* joeyhejna.jpg */; };
		174D54F02513F65A00C1EEB4 /* anikgupta.jpg in Resources */ = {isa = PBXBuildFile; fileRef = 174D54982513F65900C1EEB4 /* anikgupta.jpg */; };
		174D54F12513F65A00C1EEB4 /* colinzhou.jpg in Resources */ = {isa = PBXBuildFile; fileRef = 174D54992513F65900C1EEB4 /* colinzhou.jpg */; };
		174D54F22513F65A00C1EEB4 /* andresmedrano.jpg in Resources */ = {isa = PBXBuildFile; fileRef = 174D549A2513F65900C1EEB4 /* andresmedrano.jpg */; };
		174D54F32513F65A00C1EEB4 /* paulshao.jpg in Resources */ = {isa = PBXBuildFile; fileRef = 174D549B2513F65900C1EEB4 /* paulshao.jpg */; };
		174D54F42513F65A00C1EEB4 /* shubhamgupta.jpg in Resources */ = {isa = PBXBuildFile; fileRef = 174D549C2513F65A00C1EEB4 /* shubhamgupta.jpg */; };
		174D54F52513F65A00C1EEB4 /* imrankhaliq.jpg in Resources */ = {isa = PBXBuildFile; fileRef = 174D549D2513F65A00C1EEB4 /* imrankhaliq.jpg */; };
		174D54F62513F65A00C1EEB4 /* ianshen.jpg in Resources */ = {isa = PBXBuildFile; fileRef = 174D549E2513F65A00C1EEB4 /* ianshen.jpg */; };
		174D54F72513F65A00C1EEB4 /* stephenjayakar.jpg in Resources */ = {isa = PBXBuildFile; fileRef = 174D549F2513F65A00C1EEB4 /* stephenjayakar.jpg */; };
		174D54F82513F65A00C1EEB4 /* anikabagga.jpg in Resources */ = {isa = PBXBuildFile; fileRef = 174D54A02513F65A00C1EEB4 /* anikabagga.jpg */; };
		174D54F92513F65A00C1EEB4 /* melaniecooray.jpg in Resources */ = {isa = PBXBuildFile; fileRef = 174D54A12513F65A00C1EEB4 /* melaniecooray.jpg */; };
		174D54FA2513F65A00C1EEB4 /* nehanagabothu.jpg in Resources */ = {isa = PBXBuildFile; fileRef = 174D54A22513F65A00C1EEB4 /* nehanagabothu.jpg */; };
		174D54FB2513F65A00C1EEB4 /* candacechiang.jpg in Resources */ = {isa = PBXBuildFile; fileRef = 174D54A32513F65A00C1EEB4 /* candacechiang.jpg */; };
		174D54FC2513F65A00C1EEB4 /* brandondavid.jpg in Resources */ = {isa = PBXBuildFile; fileRef = 174D54A42513F65A00C1EEB4 /* brandondavid.jpg */; };
		174D54FD2513F65A00C1EEB4 /* willoakley.jpg in Resources */ = {isa = PBXBuildFile; fileRef = 174D54A52513F65A00C1EEB4 /* willoakley.jpg */; };
		174D54FE2513F65A00C1EEB4 /* natashawong.jpg in Resources */ = {isa = PBXBuildFile; fileRef = 174D54A62513F65A00C1EEB4 /* natashawong.jpg */; };
		174D54FF2513F65A00C1EEB4 /* anandchandra.jpg in Resources */ = {isa = PBXBuildFile; fileRef = 174D54A72513F65A00C1EEB4 /* anandchandra.jpg */; };
		174D55002513F65A00C1EEB4 /* candiceye.jpg in Resources */ = {isa = PBXBuildFile; fileRef = 174D54A82513F65A00C1EEB4 /* candiceye.jpg */; };
		174D55012513F65A00C1EEB4 /* mudabbirkhan.jpg in Resources */ = {isa = PBXBuildFile; fileRef = 174D54A92513F65A00C1EEB4 /* mudabbirkhan.jpg */; };
		174D55022513F65A00C1EEB4 /* katnisslee.jpg in Resources */ = {isa = PBXBuildFile; fileRef = 174D54AA2513F65A00C1EEB4 /* katnisslee.jpg */; };
		174D55032513F65A00C1EEB4 /* maggieyi.jpg in Resources */ = {isa = PBXBuildFile; fileRef = 174D54AB2513F65A00C1EEB4 /* maggieyi.jpg */; };
		174D55042513F65A00C1EEB4 /* noahpepper.jpg in Resources */ = {isa = PBXBuildFile; fileRef = 174D54AC2513F65A00C1EEB4 /* noahpepper.jpg */; };
		174D55052513F65A00C1EEB4 /* mohitkatyal.jpg in Resources */ = {isa = PBXBuildFile; fileRef = 174D54AD2513F65A00C1EEB4 /* mohitkatyal.jpg */; };
		174D55062513F65A00C1EEB4 /* karenalarcon.jpg in Resources */ = {isa = PBXBuildFile; fileRef = 174D54AE2513F65A00C1EEB4 /* karenalarcon.jpg */; };
		174D55072513F65A00C1EEB4 /* danielandrews.jpg in Resources */ = {isa = PBXBuildFile; fileRef = 174D54AF2513F65A00C1EEB4 /* danielandrews.jpg */; };
		174D55082513F65A00C1EEB4 /* maxmiranda.jpg in Resources */ = {isa = PBXBuildFile; fileRef = 174D54B02513F65A00C1EEB4 /* maxmiranda.jpg */; };
		174D55092513F65A00C1EEB4 /* michellemao.jpg in Resources */ = {isa = PBXBuildFile; fileRef = 174D54B12513F65A00C1EEB4 /* michellemao.jpg */; };
		174D550A2513F65A00C1EEB4 /* geomorales.jpg in Resources */ = {isa = PBXBuildFile; fileRef = 174D54B22513F65A00C1EEB4 /* geomorales.jpg */; };
		174D550B2513F65A00C1EEB4 /* ashwinaggarwal.jpg in Resources */ = {isa = PBXBuildFile; fileRef = 174D54B32513F65A00C1EEB4 /* ashwinaggarwal.jpg */; };
		174D550C2513F65A00C1EEB4 /* afeestiamiyu.jpg in Resources */ = {isa = PBXBuildFile; fileRef = 174D54B42513F65A00C1EEB4 /* afeestiamiyu.jpg */; };
		174D550D2513F65A00C1EEB4 /* michaellin.jpg in Resources */ = {isa = PBXBuildFile; fileRef = 174D54B52513F65A00C1EEB4 /* michaellin.jpg */; };
		174D550E2513F65A00C1EEB4 /* radhikadhomse.jpg in Resources */ = {isa = PBXBuildFile; fileRef = 174D54B62513F65A00C1EEB4 /* radhikadhomse.jpg */; };
		174D550F2513F65A00C1EEB4 /* shainachen.jpg in Resources */ = {isa = PBXBuildFile; fileRef = 174D54B72513F65A00C1EEB4 /* shainachen.jpg */; };
		174D55102513F65A00C1EEB4 /* ashwinkumar.jpg in Resources */ = {isa = PBXBuildFile; fileRef = 174D54B82513F65A00C1EEB4 /* ashwinkumar.jpg */; };
		174D55112513F65A00C1EEB4 /* charlesyang.jpg in Resources */ = {isa = PBXBuildFile; fileRef = 174D54B92513F65A00C1EEB4 /* charlesyang.jpg */; };
		174D55122513F65A00C1EEB4 /* athenaleong.jpg in Resources */ = {isa = PBXBuildFile; fileRef = 174D54BA2513F65A00C1EEB4 /* athenaleong.jpg */; };
		174D55132513F65A00C1EEB4 /* francischalissery.jpg in Resources */ = {isa = PBXBuildFile; fileRef = 174D54BB2513F65A00C1EEB4 /* francischalissery.jpg */; };
		174D55142513F65A00C1EEB4 /* shivkushwah.jpg in Resources */ = {isa = PBXBuildFile; fileRef = 174D54BC2513F65A00C1EEB4 /* shivkushwah.jpg */; };
		174D55152513F65A00C1EEB4 /* matthewlocayo.jpg in Resources */ = {isa = PBXBuildFile; fileRef = 174D54BD2513F65A00C1EEB4 /* matthewlocayo.jpg */; };
		174D55162513F65A00C1EEB4 /* jamesjung.jpg in Resources */ = {isa = PBXBuildFile; fileRef = 174D54BE2513F65A00C1EEB4 /* jamesjung.jpg */; };
		174D55172513F65A00C1EEB4 /* saiyandapalli.jpg in Resources */ = {isa = PBXBuildFile; fileRef = 174D54BF2513F65A00C1EEB4 /* saiyandapalli.jpg */; };
		174D55182513F65A00C1EEB4 /* sinjonsantos.jpg in Resources */ = {isa = PBXBuildFile; fileRef = 174D54C02513F65A00C1EEB4 /* sinjonsantos.jpg */; };
		174D55192513F65A00C1EEB4 /* erickong.jpg in Resources */ = {isa = PBXBuildFile; fileRef = 174D54C12513F65A00C1EEB4 /* erickong.jpg */; };
		174D551A2513F65A00C1EEB4 /* nikhararora.jpg in Resources */ = {isa = PBXBuildFile; fileRef = 174D54C22513F65A00C1EEB4 /* nikhararora.jpg */; };
		174D551B2513F65A00C1EEB4 /* salmanhusain.jpg in Resources */ = {isa = PBXBuildFile; fileRef = 174D54C32513F65A00C1EEB4 /* salmanhusain.jpg */; };
		174D551C2513F65A00C1EEB4 /* aayushtyagi.jpg in Resources */ = {isa = PBXBuildFile; fileRef = 174D54C42513F65A00C1EEB4 /* aayushtyagi.jpg */; };
		174D551D2513F65A00C1EEB4 /* willvavrik.jpg in Resources */ = {isa = PBXBuildFile; fileRef = 174D54C52513F65A00C1EEB4 /* willvavrik.jpg */; };
		174D551E2513F65A00C1EEB4 /* maxemerling.jpg in Resources */ = {isa = PBXBuildFile; fileRef = 174D54C62513F65A00C1EEB4 /* maxemerling.jpg */; };
		174D551F2513F65A00C1EEB4 /* kanyesthaker.jpg in Resources */ = {isa = PBXBuildFile; fileRef = 174D54C72513F65A00C1EEB4 /* kanyesthaker.jpg */; };
		174D55202513F65A00C1EEB4 /* shubhajagannatha.jpg in Resources */ = {isa = PBXBuildFile; fileRef = 174D54C82513F65A00C1EEB4 /* shubhajagannatha.jpg */; };
		174D55212513F65A00C1EEB4 /* abhinavkejriwal.jpg in Resources */ = {isa = PBXBuildFile; fileRef = 174D54C92513F65A00C1EEB4 /* abhinavkejriwal.jpg */; };
		174D55222513F65A00C1EEB4 /* xinyichen.jpg in Resources */ = {isa = PBXBuildFile; fileRef = 174D54CA2513F65A00C1EEB4 /* xinyichen.jpg */; };
		174D55232513F65A00C1EEB4 /* tylerreinecke.jpg in Resources */ = {isa = PBXBuildFile; fileRef = 174D54CB2513F65A00C1EEB4 /* tylerreinecke.jpg */; };
		174D55242513F65A00C1EEB4 /* ethanwong.jpg in Resources */ = {isa = PBXBuildFile; fileRef = 174D54CC2513F65A00C1EEB4 /* ethanwong.jpg */; };
		174D55252513F65A00C1EEB4 /* victorsun.jpg in Resources */ = {isa = PBXBuildFile; fileRef = 174D54CD2513F65A00C1EEB4 /* victorsun.jpg */; };
		174D55262513F65A00C1EEB4 /* ayushkumar.jpg in Resources */ = {isa = PBXBuildFile; fileRef = 174D54CE2513F65A00C1EEB4 /* ayushkumar.jpg */; };
		174D55272513F65A00C1EEB4 /* samanthalee.jpg in Resources */ = {isa = PBXBuildFile; fileRef = 174D54CF2513F65A00C1EEB4 /* samanthalee.jpg */; };
		174D55282513F65A00C1EEB4 /* shariewang.jpg in Resources */ = {isa = PBXBuildFile; fileRef = 174D54D02513F65A00C1EEB4 /* shariewang.jpg */; };
		174D55292513F65A00C1EEB4 /* kaylijiang.jpg in Resources */ = {isa = PBXBuildFile; fileRef = 174D54D12513F65A00C1EEB4 /* kaylijiang.jpg */; };
		174D552A2513F65A00C1EEB4 /* yatinagarwal.jpg in Resources */ = {isa = PBXBuildFile; fileRef = 174D54D22513F65A00C1EEB4 /* yatinagarwal.jpg */; };
		174D552B2513F65A00C1EEB4 /* nicholaswang.jpg in Resources */ = {isa = PBXBuildFile; fileRef = 174D54D32513F65A00C1EEB4 /* nicholaswang.jpg */; };
		174D552C2513F65A00C1EEB4 /* aarushiagrawal.jpeg in Resources */ = {isa = PBXBuildFile; fileRef = 174D54D42513F65A00C1EEB4 /* aarushiagrawal.jpeg */; };
		174D552D2513F65A00C1EEB4 /* anitashen.jpg in Resources */ = {isa = PBXBuildFile; fileRef = 174D54D52513F65A00C1EEB4 /* anitashen.jpg */; };
		174D552E2513F65A00C1EEB4 /* varunjhunjhunwalla.jpg in Resources */ = {isa = PBXBuildFile; fileRef = 174D54D62513F65A00C1EEB4 /* varunjhunjhunwalla.jpg */; };
		174D552F2513F65A00C1EEB4 /* patrickyin.jpg in Resources */ = {isa = PBXBuildFile; fileRef = 174D54D72513F65A00C1EEB4 /* patrickyin.jpg */; };
		174D55302513F65A00C1EEB4 /* austindavis.jpg in Resources */ = {isa = PBXBuildFile; fileRef = 174D54D82513F65A00C1EEB4 /* austindavis.jpg */; };
		174D55312513F65A00C1EEB4 /* japjotsingh.jpg in Resources */ = {isa = PBXBuildFile; fileRef = 174D54D92513F65A00C1EEB4 /* japjotsingh.jpg */; };
		174D55322513F65A00C1EEB4 /* dohyuncheon.jpg in Resources */ = {isa = PBXBuildFile; fileRef = 174D54DA2513F65A00C1EEB4 /* dohyuncheon.jpg */; };
		174D55332513F65A00C1EEB4 /* jacquelinezhang.jpg in Resources */ = {isa = PBXBuildFile; fileRef = 174D54DB2513F65A00C1EEB4 /* jacquelinezhang.jpg */; };
		174D55342513F65A00C1EEB4 /* vidyaravikumar.jpg in Resources */ = {isa = PBXBuildFile; fileRef = 174D54DC2513F65A00C1EEB4 /* vidyaravikumar.jpg */; };
		174D55352513F65A00C1EEB4 /* vineethyeevani.jpg in Resources */ = {isa = PBXBuildFile; fileRef = 174D54DD2513F65A00C1EEB4 /* vineethyeevani.jpg */; };
		174D55362513F65A00C1EEB4 /* divyatadimeti.jpg in Resources */ = {isa = PBXBuildFile; fileRef = 174D54DE2513F65A00C1EEB4 /* divyatadimeti.jpg */; };
		174D55372513F65A00C1EEB4 /* vaibhavgattani.jpg in Resources */ = {isa = PBXBuildFile; fileRef = 174D54DF2513F65A00C1EEB4 /* vaibhavgattani.jpg */; };
		174D55382513F65A00C1EEB4 /* ajaymerchia.jpg in Resources */ = {isa = PBXBuildFile; fileRef = 174D54E02513F65A00C1EEB4 /* ajaymerchia.jpg */; };
		174D553A2513F68500C1EEB4 /* StartScreenViewController.swift in Sources */ = {isa = PBXBuildFile; fileRef = 174D55392513F68500C1EEB4 /* StartScreenViewController.swift */; };
		174D553C2513F6A700C1EEB4 /* StatisticsScreenViewController.swift in Sources */ = {isa = PBXBuildFile; fileRef = 174D553B2513F6A700C1EEB4 /* StatisticsScreenViewController.swift */; };
/* End PBXBuildFile section */

/* Begin PBXContainerItemProxy section */
		174D544E2513EDA100C1EEB4 /* PBXContainerItemProxy */ = {
			isa = PBXContainerItemProxy;
			containerPortal = 174D542F2513ED9C00C1EEB4 /* Project object */;
			proxyType = 1;
			remoteGlobalIDString = 174D54362513ED9D00C1EEB4;
			remoteInfo = "Match the Members";
		};
		174D54592513EDA100C1EEB4 /* PBXContainerItemProxy */ = {
			isa = PBXContainerItemProxy;
			containerPortal = 174D542F2513ED9C00C1EEB4 /* Project object */;
			proxyType = 1;
			remoteGlobalIDString = 174D54362513ED9D00C1EEB4;
			remoteInfo = "Match the Members";
		};
/* End PBXContainerItemProxy section */

/* Begin PBXFileReference section */
		174D54372513ED9D00C1EEB4 /* Match the Members.app */ = {isa = PBXFileReference; explicitFileType = wrapper.application; includeInIndex = 0; path = "Match the Members.app"; sourceTree = BUILT_PRODUCTS_DIR; };
		174D54412513ED9D00C1EEB4 /* Base */ = {isa = PBXFileReference; lastKnownFileType = file.storyboard; name = Base; path = Base.lproj/Main.storyboard; sourceTree = "<group>"; };
		174D54432513EDA100C1EEB4 /* Assets.xcassets */ = {isa = PBXFileReference; lastKnownFileType = folder.assetcatalog; path = Assets.xcassets; sourceTree = "<group>"; };
		174D54462513EDA100C1EEB4 /* Base */ = {isa = PBXFileReference; lastKnownFileType = file.storyboard; name = Base; path = Base.lproj/LaunchScreen.storyboard; sourceTree = "<group>"; };
		174D54482513EDA100C1EEB4 /* Info.plist */ = {isa = PBXFileReference; lastKnownFileType = text.plist.xml; path = Info.plist; sourceTree = "<group>"; };
		174D544D2513EDA100C1EEB4 /* Match the MembersTests.xctest */ = {isa = PBXFileReference; explicitFileType = wrapper.cfbundle; includeInIndex = 0; path = "Match the MembersTests.xctest"; sourceTree = BUILT_PRODUCTS_DIR; };
		174D54512513EDA100C1EEB4 /* Match_the_MembersTests.swift */ = {isa = PBXFileReference; lastKnownFileType = sourcecode.swift; path = Match_the_MembersTests.swift; sourceTree = "<group>"; };
		174D54532513EDA100C1EEB4 /* Info.plist */ = {isa = PBXFileReference; lastKnownFileType = text.plist.xml; path = Info.plist; sourceTree = "<group>"; };
		174D54582513EDA100C1EEB4 /* Match the MembersUITests.xctest */ = {isa = PBXFileReference; explicitFileType = wrapper.cfbundle; includeInIndex = 0; path = "Match the MembersUITests.xctest"; sourceTree = BUILT_PRODUCTS_DIR; };
		174D545C2513EDA100C1EEB4 /* Match_the_MembersUITests.swift */ = {isa = PBXFileReference; lastKnownFileType = sourcecode.swift; path = Match_the_MembersUITests.swift; sourceTree = "<group>"; };
		174D545E2513EDA100C1EEB4 /* Info.plist */ = {isa = PBXFileReference; lastKnownFileType = text.plist.xml; path = Info.plist; sourceTree = "<group>"; };
		174D546C2513EE4B00C1EEB4 /* SceneDelegate.swift */ = {isa = PBXFileReference; fileEncoding = 4; lastKnownFileType = sourcecode.swift; name = SceneDelegate.swift; path = "../../../MDB/Project1/Meet the Members/Meet the Members/SceneDelegate.swift"; sourceTree = "<group>"; };
		174D547B2513F44A00C1EEB4 /* AppDelegate.swift */ = {isa = PBXFileReference; fileEncoding = 4; lastKnownFileType = sourcecode.swift; name = AppDelegate.swift; path = "../../../MDB/Project1/Meet the Members/Meet the Members/AppDelegate.swift"; sourceTree = "<group>"; };
		174D54842513F5D200C1EEB4 /* GameDoneViewController.swift */ = {isa = PBXFileReference; lastKnownFileType = sourcecode.swift; path = GameDoneViewController.swift; sourceTree = "<group>"; };
		174D54862513F61300C1EEB4 /* MainGameViewController.swift */ = {isa = PBXFileReference; lastKnownFileType = sourcecode.swift; path = MainGameViewController.swift; sourceTree = "<group>"; };
		174D54882513F65400C1EEB4 /* Constants.swift */ = {isa = PBXFileReference; fileEncoding = 4; lastKnownFileType = sourcecode.swift; path = Constants.swift; sourceTree = "<group>"; };
		174D548A2513F65900C1EEB4 /* oliviali.jpg */ = {isa = PBXFileReference; lastKnownFileType = image.jpeg; path = oliviali.jpg; sourceTree = "<group>"; };
		174D548B2513F65900C1EEB4 /* izzielau.jpeg */ = {isa = PBXFileReference; lastKnownFileType = image.jpeg; path = izzielau.jpeg; sourceTree = "<group>"; };
		174D548C2513F65900C1EEB4 /* simranregmi.jpg */ = {isa = PBXFileReference; lastKnownFileType = image.jpeg; path = simranregmi.jpg; sourceTree = "<group>"; };
		174D548D2513F65900C1EEB4 /* kianago.jpg */ = {isa = PBXFileReference; lastKnownFileType = image.jpeg; path = kianago.jpg; sourceTree = "<group>"; };
		174D548E2513F65900C1EEB4 /* srujaykorlakunta.jpg */ = {isa = PBXFileReference; lastKnownFileType = image.jpeg; path = srujaykorlakunta.jpg; sourceTree = "<group>"; };
		174D548F2513F65900C1EEB4 /* shauryasanghvi.jpg */ = {isa = PBXFileReference; lastKnownFileType = image.jpeg; path = shauryasanghvi.jpg; sourceTree = "<group>"; };
		174D54902513F65900C1EEB4 /* anmolparande.jpg */ = {isa = PBXFileReference; lastKnownFileType = image.jpeg; path = anmolparande.jpg; sourceTree = "<group>"; };
		174D54912513F65900C1EEB4 /* rinivasan.jpeg */ = {isa = PBXFileReference; lastKnownFileType = image.jpeg; path = rinivasan.jpeg; sourceTree = "<group>"; };
		174D54922513F65900C1EEB4 /* aadypillai.jpg */ = {isa = PBXFileReference; lastKnownFileType = image.jpeg; path = aadypillai.jpg; sourceTree = "<group>"; };
		174D54932513F65900C1EEB4 /* shomiljain.jpg */ = {isa = PBXFileReference; lastKnownFileType = image.jpeg; path = shomiljain.jpg; sourceTree = "<group>"; };
		174D54942513F65900C1EEB4 /* julietkim.jpg */ = {isa = PBXFileReference; lastKnownFileType = image.jpeg; path = julietkim.jpg; sourceTree = "<group>"; };
		174D54952513F65900C1EEB4 /* anjalithakrar.jpg */ = {isa = PBXFileReference; lastKnownFileType = image.jpeg; path = anjalithakrar.jpg; sourceTree = "<group>"; };
		174D54962513F65900C1EEB4 /* andrewsantoso.jpg */ = {isa = PBXFileReference; lastKnownFileType = image.jpeg; path = andrewsantoso.jpg; sourceTree = "<group>"; };
		174D54972513F65900C1EEB4 /* joeyhejna.jpg */ = {isa = PBXFileReference; lastKnownFileType = image.jpeg; path = joeyhejna.jpg; sourceTree = "<group>"; };
		174D54982513F65900C1EEB4 /* anikgupta.jpg */ = {isa = PBXFileReference; lastKnownFileType = image.jpeg; path = anikgupta.jpg; sourceTree = "<group>"; };
		174D54992513F65900C1EEB4 /* colinzhou.jpg */ = {isa = PBXFileReference; lastKnownFileType = image.jpeg; path = colinzhou.jpg; sourceTree = "<group>"; };
		174D549A2513F65900C1EEB4 /* andresmedrano.jpg */ = {isa = PBXFileReference; lastKnownFileType = image.jpeg; path = andresmedrano.jpg; sourceTree = "<group>"; };
		174D549B2513F65900C1EEB4 /* paulshao.jpg */ = {isa = PBXFileReference; lastKnownFileType = image.jpeg; path = paulshao.jpg; sourceTree = "<group>"; };
		174D549C2513F65A00C1EEB4 /* shubhamgupta.jpg */ = {isa = PBXFileReference; lastKnownFileType = image.jpeg; path = shubhamgupta.jpg; sourceTree = "<group>"; };
		174D549D2513F65A00C1EEB4 /* imrankhaliq.jpg */ = {isa = PBXFileReference; lastKnownFileType = image.jpeg; path = imrankhaliq.jpg; sourceTree = "<group>"; };
		174D549E2513F65A00C1EEB4 /* ianshen.jpg */ = {isa = PBXFileReference; lastKnownFileType = image.jpeg; path = ianshen.jpg; sourceTree = "<group>"; };
		174D549F2513F65A00C1EEB4 /* stephenjayakar.jpg */ = {isa = PBXFileReference; lastKnownFileType = image.jpeg; path = stephenjayakar.jpg; sourceTree = "<group>"; };
		174D54A02513F65A00C1EEB4 /* anikabagga.jpg */ = {isa = PBXFileReference; lastKnownFileType = image.jpeg; path = anikabagga.jpg; sourceTree = "<group>"; };
		174D54A12513F65A00C1EEB4 /* melaniecooray.jpg */ = {isa = PBXFileReference; lastKnownFileType = image.jpeg; path = melaniecooray.jpg; sourceTree = "<group>"; };
		174D54A22513F65A00C1EEB4 /* nehanagabothu.jpg */ = {isa = PBXFileReference; lastKnownFileType = image.jpeg; path = nehanagabothu.jpg; sourceTree = "<group>"; };
		174D54A32513F65A00C1EEB4 /* candacechiang.jpg */ = {isa = PBXFileReference; lastKnownFileType = image.jpeg; path = candacechiang.jpg; sourceTree = "<group>"; };
		174D54A42513F65A00C1EEB4 /* brandondavid.jpg */ = {isa = PBXFileReference; lastKnownFileType = image.jpeg; path = brandondavid.jpg; sourceTree = "<group>"; };
		174D54A52513F65A00C1EEB4 /* willoakley.jpg */ = {isa = PBXFileReference; lastKnownFileType = image.jpeg; path = willoakley.jpg; sourceTree = "<group>"; };
		174D54A62513F65A00C1EEB4 /* natashawong.jpg */ = {isa = PBXFileReference; lastKnownFileType = image.jpeg; path = natashawong.jpg; sourceTree = "<group>"; };
		174D54A72513F65A00C1EEB4 /* anandchandra.jpg */ = {isa = PBXFileReference; lastKnownFileType = image.jpeg; path = anandchandra.jpg; sourceTree = "<group>"; };
		174D54A82513F65A00C1EEB4 /* candiceye.jpg */ = {isa = PBXFileReference; lastKnownFileType = image.jpeg; path = candiceye.jpg; sourceTree = "<group>"; };
		174D54A92513F65A00C1EEB4 /* mudabbirkhan.jpg */ = {isa = PBXFileReference; lastKnownFileType = image.jpeg; path = mudabbirkhan.jpg; sourceTree = "<group>"; };
		174D54AA2513F65A00C1EEB4 /* katnisslee.jpg */ = {isa = PBXFileReference; lastKnownFileType = image.jpeg; path = katnisslee.jpg; sourceTree = "<group>"; };
		174D54AB2513F65A00C1EEB4 /* maggieyi.jpg */ = {isa = PBXFileReference; lastKnownFileType = image.jpeg; path = maggieyi.jpg; sourceTree = "<group>"; };
		174D54AC2513F65A00C1EEB4 /* noahpepper.jpg */ = {isa = PBXFileReference; lastKnownFileType = image.jpeg; path = noahpepper.jpg; sourceTree = "<group>"; };
		174D54AD2513F65A00C1EEB4 /* mohitkatyal.jpg */ = {isa = PBXFileReference; lastKnownFileType = image.jpeg; path = mohitkatyal.jpg; sourceTree = "<group>"; };
		174D54AE2513F65A00C1EEB4 /* karenalarcon.jpg */ = {isa = PBXFileReference; lastKnownFileType = image.jpeg; path = karenalarcon.jpg; sourceTree = "<group>"; };
		174D54AF2513F65A00C1EEB4 /* danielandrews.jpg */ = {isa = PBXFileReference; lastKnownFileType = image.jpeg; path = danielandrews.jpg; sourceTree = "<group>"; };
		174D54B02513F65A00C1EEB4 /* maxmiranda.jpg */ = {isa = PBXFileReference; lastKnownFileType = image.jpeg; path = maxmiranda.jpg; sourceTree = "<group>"; };
		174D54B12513F65A00C1EEB4 /* michellemao.jpg */ = {isa = PBXFileReference; lastKnownFileType = image.jpeg; path = michellemao.jpg; sourceTree = "<group>"; };
		174D54B22513F65A00C1EEB4 /* geomorales.jpg */ = {isa = PBXFileReference; lastKnownFileType = image.jpeg; path = geomorales.jpg; sourceTree = "<group>"; };
		174D54B32513F65A00C1EEB4 /* ashwinaggarwal.jpg */ = {isa = PBXFileReference; lastKnownFileType = image.jpeg; path = ashwinaggarwal.jpg; sourceTree = "<group>"; };
		174D54B42513F65A00C1EEB4 /* afeestiamiyu.jpg */ = {isa = PBXFileReference; lastKnownFileType = image.jpeg; path = afeestiamiyu.jpg; sourceTree = "<group>"; };
		174D54B52513F65A00C1EEB4 /* michaellin.jpg */ = {isa = PBXFileReference; lastKnownFileType = image.jpeg; path = michaellin.jpg; sourceTree = "<group>"; };
		174D54B62513F65A00C1EEB4 /* radhikadhomse.jpg */ = {isa = PBXFileReference; lastKnownFileType = image.jpeg; path = radhikadhomse.jpg; sourceTree = "<group>"; };
		174D54B72513F65A00C1EEB4 /* shainachen.jpg */ = {isa = PBXFileReference; lastKnownFileType = image.jpeg; path = shainachen.jpg; sourceTree = "<group>"; };
		174D54B82513F65A00C1EEB4 /* ashwinkumar.jpg */ = {isa = PBXFileReference; lastKnownFileType = image.jpeg; path = ashwinkumar.jpg; sourceTree = "<group>"; };
		174D54B92513F65A00C1EEB4 /* charlesyang.jpg */ = {isa = PBXFileReference; lastKnownFileType = image.jpeg; path = charlesyang.jpg; sourceTree = "<group>"; };
		174D54BA2513F65A00C1EEB4 /* athenaleong.jpg */ = {isa = PBXFileReference; lastKnownFileType = image.jpeg; path = athenaleong.jpg; sourceTree = "<group>"; };
		174D54BB2513F65A00C1EEB4 /* francischalissery.jpg */ = {isa = PBXFileReference; lastKnownFileType = image.jpeg; path = francischalissery.jpg; sourceTree = "<group>"; };
		174D54BC2513F65A00C1EEB4 /* shivkushwah.jpg */ = {isa = PBXFileReference; lastKnownFileType = image.jpeg; path = shivkushwah.jpg; sourceTree = "<group>"; };
		174D54BD2513F65A00C1EEB4 /* matthewlocayo.jpg */ = {isa = PBXFileReference; lastKnownFileType = image.jpeg; path = matthewlocayo.jpg; sourceTree = "<group>"; };
		174D54BE2513F65A00C1EEB4 /* jamesjung.jpg */ = {isa = PBXFileReference; lastKnownFileType = image.jpeg; path = jamesjung.jpg; sourceTree = "<group>"; };
		174D54BF2513F65A00C1EEB4 /* saiyandapalli.jpg */ = {isa = PBXFileReference; lastKnownFileType = image.jpeg; path = saiyandapalli.jpg; sourceTree = "<group>"; };
		174D54C02513F65A00C1EEB4 /* sinjonsantos.jpg */ = {isa = PBXFileReference; lastKnownFileType = image.jpeg; path = sinjonsantos.jpg; sourceTree = "<group>"; };
		174D54C12513F65A00C1EEB4 /* erickong.jpg */ = {isa = PBXFileReference; lastKnownFileType = image.jpeg; path = erickong.jpg; sourceTree = "<group>"; };
		174D54C22513F65A00C1EEB4 /* nikhararora.jpg */ = {isa = PBXFileReference; lastKnownFileType = image.jpeg; path = nikhararora.jpg; sourceTree = "<group>"; };
		174D54C32513F65A00C1EEB4 /* salmanhusain.jpg */ = {isa = PBXFileReference; lastKnownFileType = image.jpeg; path = salmanhusain.jpg; sourceTree = "<group>"; };
		174D54C42513F65A00C1EEB4 /* aayushtyagi.jpg */ = {isa = PBXFileReference; lastKnownFileType = image.jpeg; path = aayushtyagi.jpg; sourceTree = "<group>"; };
		174D54C52513F65A00C1EEB4 /* willvavrik.jpg */ = {isa = PBXFileReference; lastKnownFileType = image.jpeg; path = willvavrik.jpg; sourceTree = "<group>"; };
		174D54C62513F65A00C1EEB4 /* maxemerling.jpg */ = {isa = PBXFileReference; lastKnownFileType = image.jpeg; path = maxemerling.jpg; sourceTree = "<group>"; };
		174D54C72513F65A00C1EEB4 /* kanyesthaker.jpg */ = {isa = PBXFileReference; lastKnownFileType = image.jpeg; path = kanyesthaker.jpg; sourceTree = "<group>"; };
		174D54C82513F65A00C1EEB4 /* shubhajagannatha.jpg */ = {isa = PBXFileReference; lastKnownFileType = image.jpeg; path = shubhajagannatha.jpg; sourceTree = "<group>"; };
		174D54C92513F65A00C1EEB4 /* abhinavkejriwal.jpg */ = {isa = PBXFileReference; lastKnownFileType = image.jpeg; path = abhinavkejriwal.jpg; sourceTree = "<group>"; };
		174D54CA2513F65A00C1EEB4 /* xinyichen.jpg */ = {isa = PBXFileReference; lastKnownFileType = image.jpeg; path = xinyichen.jpg; sourceTree = "<group>"; };
		174D54CB2513F65A00C1EEB4 /* tylerreinecke.jpg */ = {isa = PBXFileReference; lastKnownFileType = image.jpeg; path = tylerreinecke.jpg; sourceTree = "<group>"; };
		174D54CC2513F65A00C1EEB4 /* ethanwong.jpg */ = {isa = PBXFileReference; lastKnownFileType = image.jpeg; path = ethanwong.jpg; sourceTree = "<group>"; };
		174D54CD2513F65A00C1EEB4 /* victorsun.jpg */ = {isa = PBXFileReference; lastKnownFileType = image.jpeg; path = victorsun.jpg; sourceTree = "<group>"; };
		174D54CE2513F65A00C1EEB4 /* ayushkumar.jpg */ = {isa = PBXFileReference; lastKnownFileType = image.jpeg; path = ayushkumar.jpg; sourceTree = "<group>"; };
		174D54CF2513F65A00C1EEB4 /* samanthalee.jpg */ = {isa = PBXFileReference; lastKnownFileType = image.jpeg; path = samanthalee.jpg; sourceTree = "<group>"; };
		174D54D02513F65A00C1EEB4 /* shariewang.jpg */ = {isa = PBXFileReference; lastKnownFileType = image.jpeg; path = shariewang.jpg; sourceTree = "<group>"; };
		174D54D12513F65A00C1EEB4 /* kaylijiang.jpg */ = {isa = PBXFileReference; lastKnownFileType = image.jpeg; path = kaylijiang.jpg; sourceTree = "<group>"; };
		174D54D22513F65A00C1EEB4 /* yatinagarwal.jpg */ = {isa = PBXFileReference; lastKnownFileType = image.jpeg; path = yatinagarwal.jpg; sourceTree = "<group>"; };
		174D54D32513F65A00C1EEB4 /* nicholaswang.jpg */ = {isa = PBXFileReference; lastKnownFileType = image.jpeg; path = nicholaswang.jpg; sourceTree = "<group>"; };
		174D54D42513F65A00C1EEB4 /* aarushiagrawal.jpeg */ = {isa = PBXFileReference; lastKnownFileType = image.jpeg; path = aarushiagrawal.jpeg; sourceTree = "<group>"; };
		174D54D52513F65A00C1EEB4 /* anitashen.jpg */ = {isa = PBXFileReference; lastKnownFileType = image.jpeg; path = anitashen.jpg; sourceTree = "<group>"; };
		174D54D62513F65A00C1EEB4 /* varunjhunjhunwalla.jpg */ = {isa = PBXFileReference; lastKnownFileType = image.jpeg; path = varunjhunjhunwalla.jpg; sourceTree = "<group>"; };
		174D54D72513F65A00C1EEB4 /* patrickyin.jpg */ = {isa = PBXFileReference; lastKnownFileType = image.jpeg; path = patrickyin.jpg; sourceTree = "<group>"; };
		174D54D82513F65A00C1EEB4 /* austindavis.jpg */ = {isa = PBXFileReference; lastKnownFileType = image.jpeg; path = austindavis.jpg; sourceTree = "<group>"; };
		174D54D92513F65A00C1EEB4 /* japjotsingh.jpg */ = {isa = PBXFileReference; lastKnownFileType = image.jpeg; path = japjotsingh.jpg; sourceTree = "<group>"; };
		174D54DA2513F65A00C1EEB4 /* dohyuncheon.jpg */ = {isa = PBXFileReference; lastKnownFileType = image.jpeg; path = dohyuncheon.jpg; sourceTree = "<group>"; };
		174D54DB2513F65A00C1EEB4 /* jacquelinezhang.jpg */ = {isa = PBXFileReference; lastKnownFileType = image.jpeg; path = jacquelinezhang.jpg; sourceTree = "<group>"; };
		174D54DC2513F65A00C1EEB4 /* vidyaravikumar.jpg */ = {isa = PBXFileReference; lastKnownFileType = image.jpeg; path = vidyaravikumar.jpg; sourceTree = "<group>"; };
		174D54DD2513F65A00C1EEB4 /* vineethyeevani.jpg */ = {isa = PBXFileReference; lastKnownFileType = image.jpeg; path = vineethyeevani.jpg; sourceTree = "<group>"; };
		174D54DE2513F65A00C1EEB4 /* divyatadimeti.jpg */ = {isa = PBXFileReference; lastKnownFileType = image.jpeg; path = divyatadimeti.jpg; sourceTree = "<group>"; };
		174D54DF2513F65A00C1EEB4 /* vaibhavgattani.jpg */ = {isa = PBXFileReference; lastKnownFileType = image.jpeg; path = vaibhavgattani.jpg; sourceTree = "<group>"; };
		174D54E02513F65A00C1EEB4 /* ajaymerchia.jpg */ = {isa = PBXFileReference; lastKnownFileType = image.jpeg; path = ajaymerchia.jpg; sourceTree = "<group>"; };
		174D55392513F68500C1EEB4 /* StartScreenViewController.swift */ = {isa = PBXFileReference; lastKnownFileType = sourcecode.swift; path = StartScreenViewController.swift; sourceTree = "<group>"; };
		174D553B2513F6A700C1EEB4 /* StatisticsScreenViewController.swift */ = {isa = PBXFileReference; lastKnownFileType = sourcecode.swift; path = StatisticsScreenViewController.swift; sourceTree = "<group>"; };
/* End PBXFileReference section */

/* Begin PBXFrameworksBuildPhase section */
		174D54342513ED9D00C1EEB4 /* Frameworks */ = {
			isa = PBXFrameworksBuildPhase;
			buildActionMask = 2147483647;
			files = (
			);
			runOnlyForDeploymentPostprocessing = 0;
		};
		174D544A2513EDA100C1EEB4 /* Frameworks */ = {
			isa = PBXFrameworksBuildPhase;
			buildActionMask = 2147483647;
			files = (
			);
			runOnlyForDeploymentPostprocessing = 0;
		};
		174D54552513EDA100C1EEB4 /* Frameworks */ = {
			isa = PBXFrameworksBuildPhase;
			buildActionMask = 2147483647;
			files = (
			);
			runOnlyForDeploymentPostprocessing = 0;
		};
/* End PBXFrameworksBuildPhase section */

/* Begin PBXGroup section */
		174D542E2513ED9C00C1EEB4 = {
			isa = PBXGroup;
			children = (
				174D54392513ED9D00C1EEB4 /* Match the Members */,
				174D54502513EDA100C1EEB4 /* Match the MembersTests */,
				174D545B2513EDA100C1EEB4 /* Match the MembersUITests */,
				174D54382513ED9D00C1EEB4 /* Products */,
			);
			sourceTree = "<group>";
		};
		174D54382513ED9D00C1EEB4 /* Products */ = {
			isa = PBXGroup;
			children = (
				174D54372513ED9D00C1EEB4 /* Match the Members.app */,
				174D544D2513EDA100C1EEB4 /* Match the MembersTests.xctest */,
				174D54582513EDA100C1EEB4 /* Match the MembersUITests.xctest */,
			);
			name = Products;
			sourceTree = "<group>";
		};
		174D54392513ED9D00C1EEB4 /* Match the Members */ = {
			isa = PBXGroup;
			children = (
				174D54882513F65400C1EEB4 /* Constants.swift */,
				174D54892513F65900C1EEB4 /* MemberPictures */,
				174D547B2513F44A00C1EEB4 /* AppDelegate.swift */,
				174D54842513F5D200C1EEB4 /* GameDoneViewController.swift */,
				174D54862513F61300C1EEB4 /* MainGameViewController.swift */,
				174D55392513F68500C1EEB4 /* StartScreenViewController.swift */,
				174D553B2513F6A700C1EEB4 /* StatisticsScreenViewController.swift */,
				174D546C2513EE4B00C1EEB4 /* SceneDelegate.swift */,
				174D54402513ED9D00C1EEB4 /* Main.storyboard */,
				174D54482513EDA100C1EEB4 /* Info.plist */,
				174D54432513EDA100C1EEB4 /* Assets.xcassets */,
				174D54452513EDA100C1EEB4 /* LaunchScreen.storyboard */,
			);
			path = "Match the Members";
			sourceTree = "<group>";
		};
		174D54502513EDA100C1EEB4 /* Match the MembersTests */ = {
			isa = PBXGroup;
			children = (
				174D54512513EDA100C1EEB4 /* Match_the_MembersTests.swift */,
				174D54532513EDA100C1EEB4 /* Info.plist */,
			);
			path = "Match the MembersTests";
			sourceTree = "<group>";
		};
		174D545B2513EDA100C1EEB4 /* Match the MembersUITests */ = {
			isa = PBXGroup;
			children = (
				174D545C2513EDA100C1EEB4 /* Match_the_MembersUITests.swift */,
				174D545E2513EDA100C1EEB4 /* Info.plist */,
			);
			path = "Match the MembersUITests";
			sourceTree = "<group>";
		};
		174D54892513F65900C1EEB4 /* MemberPictures */ = {
			isa = PBXGroup;
			children = (
				174D548A2513F65900C1EEB4 /* oliviali.jpg */,
				174D548B2513F65900C1EEB4 /* izzielau.jpeg */,
				174D548C2513F65900C1EEB4 /* simranregmi.jpg */,
				174D548D2513F65900C1EEB4 /* kianago.jpg */,
				174D548E2513F65900C1EEB4 /* srujaykorlakunta.jpg */,
				174D548F2513F65900C1EEB4 /* shauryasanghvi.jpg */,
				174D54902513F65900C1EEB4 /* anmolparande.jpg */,
				174D54912513F65900C1EEB4 /* rinivasan.jpeg */,
				174D54922513F65900C1EEB4 /* aadypillai.jpg */,
				174D54932513F65900C1EEB4 /* shomiljain.jpg */,
				174D54942513F65900C1EEB4 /* julietkim.jpg */,
				174D54952513F65900C1EEB4 /* anjalithakrar.jpg */,
				174D54962513F65900C1EEB4 /* andrewsantoso.jpg */,
				174D54972513F65900C1EEB4 /* joeyhejna.jpg */,
				174D54982513F65900C1EEB4 /* anikgupta.jpg */,
				174D54992513F65900C1EEB4 /* colinzhou.jpg */,
				174D549A2513F65900C1EEB4 /* andresmedrano.jpg */,
				174D549B2513F65900C1EEB4 /* paulshao.jpg */,
				174D549C2513F65A00C1EEB4 /* shubhamgupta.jpg */,
				174D549D2513F65A00C1EEB4 /* imrankhaliq.jpg */,
				174D549E2513F65A00C1EEB4 /* ianshen.jpg */,
				174D549F2513F65A00C1EEB4 /* stephenjayakar.jpg */,
				174D54A02513F65A00C1EEB4 /* anikabagga.jpg */,
				174D54A12513F65A00C1EEB4 /* melaniecooray.jpg */,
				174D54A22513F65A00C1EEB4 /* nehanagabothu.jpg */,
				174D54A32513F65A00C1EEB4 /* candacechiang.jpg */,
				174D54A42513F65A00C1EEB4 /* brandondavid.jpg */,
				174D54A52513F65A00C1EEB4 /* willoakley.jpg */,
				174D54A62513F65A00C1EEB4 /* natashawong.jpg */,
				174D54A72513F65A00C1EEB4 /* anandchandra.jpg */,
				174D54A82513F65A00C1EEB4 /* candiceye.jpg */,
				174D54A92513F65A00C1EEB4 /* mudabbirkhan.jpg */,
				174D54AA2513F65A00C1EEB4 /* katnisslee.jpg */,
				174D54AB2513F65A00C1EEB4 /* maggieyi.jpg */,
				174D54AC2513F65A00C1EEB4 /* noahpepper.jpg */,
				174D54AD2513F65A00C1EEB4 /* mohitkatyal.jpg */,
				174D54AE2513F65A00C1EEB4 /* karenalarcon.jpg */,
				174D54AF2513F65A00C1EEB4 /* danielandrews.jpg */,
				174D54B02513F65A00C1EEB4 /* maxmiranda.jpg */,
				174D54B12513F65A00C1EEB4 /* michellemao.jpg */,
				174D54B22513F65A00C1EEB4 /* geomorales.jpg */,
				174D54B32513F65A00C1EEB4 /* ashwinaggarwal.jpg */,
				174D54B42513F65A00C1EEB4 /* afeestiamiyu.jpg */,
				174D54B52513F65A00C1EEB4 /* michaellin.jpg */,
				174D54B62513F65A00C1EEB4 /* radhikadhomse.jpg */,
				174D54B72513F65A00C1EEB4 /* shainachen.jpg */,
				174D54B82513F65A00C1EEB4 /* ashwinkumar.jpg */,
				174D54B92513F65A00C1EEB4 /* charlesyang.jpg */,
				174D54BA2513F65A00C1EEB4 /* athenaleong.jpg */,
				174D54BB2513F65A00C1EEB4 /* francischalissery.jpg */,
				174D54BC2513F65A00C1EEB4 /* shivkushwah.jpg */,
				174D54BD2513F65A00C1EEB4 /* matthewlocayo.jpg */,
				174D54BE2513F65A00C1EEB4 /* jamesjung.jpg */,
				174D54BF2513F65A00C1EEB4 /* saiyandapalli.jpg */,
				174D54C02513F65A00C1EEB4 /* sinjonsantos.jpg */,
				174D54C12513F65A00C1EEB4 /* erickong.jpg */,
				174D54C22513F65A00C1EEB4 /* nikhararora.jpg */,
				174D54C32513F65A00C1EEB4 /* salmanhusain.jpg */,
				174D54C42513F65A00C1EEB4 /* aayushtyagi.jpg */,
				174D54C52513F65A00C1EEB4 /* willvavrik.jpg */,
				174D54C62513F65A00C1EEB4 /* maxemerling.jpg */,
				174D54C72513F65A00C1EEB4 /* kanyesthaker.jpg */,
				174D54C82513F65A00C1EEB4 /* shubhajagannatha.jpg */,
				174D54C92513F65A00C1EEB4 /* abhinavkejriwal.jpg */,
				174D54CA2513F65A00C1EEB4 /* xinyichen.jpg */,
				174D54CB2513F65A00C1EEB4 /* tylerreinecke.jpg */,
				174D54CC2513F65A00C1EEB4 /* ethanwong.jpg */,
				174D54CD2513F65A00C1EEB4 /* victorsun.jpg */,
				174D54CE2513F65A00C1EEB4 /* ayushkumar.jpg */,
				174D54CF2513F65A00C1EEB4 /* samanthalee.jpg */,
				174D54D02513F65A00C1EEB4 /* shariewang.jpg */,
				174D54D12513F65A00C1EEB4 /* kaylijiang.jpg */,
				174D54D22513F65A00C1EEB4 /* yatinagarwal.jpg */,
				174D54D32513F65A00C1EEB4 /* nicholaswang.jpg */,
				174D54D42513F65A00C1EEB4 /* aarushiagrawal.jpeg */,
				174D54D52513F65A00C1EEB4 /* anitashen.jpg */,
				174D54D62513F65A00C1EEB4 /* varunjhunjhunwalla.jpg */,
				174D54D72513F65A00C1EEB4 /* patrickyin.jpg */,
				174D54D82513F65A00C1EEB4 /* austindavis.jpg */,
				174D54D92513F65A00C1EEB4 /* japjotsingh.jpg */,
				174D54DA2513F65A00C1EEB4 /* dohyuncheon.jpg */,
				174D54DB2513F65A00C1EEB4 /* jacquelinezhang.jpg */,
				174D54DC2513F65A00C1EEB4 /* vidyaravikumar.jpg */,
				174D54DD2513F65A00C1EEB4 /* vineethyeevani.jpg */,
				174D54DE2513F65A00C1EEB4 /* divyatadimeti.jpg */,
				174D54DF2513F65A00C1EEB4 /* vaibhavgattani.jpg */,
				174D54E02513F65A00C1EEB4 /* ajaymerchia.jpg */,
			);
			path = MemberPictures;
			sourceTree = "<group>";
		};
/* End PBXGroup section */

/* Begin PBXNativeTarget section */
		174D54362513ED9D00C1EEB4 /* Match the Members */ = {
			isa = PBXNativeTarget;
			buildConfigurationList = 174D54612513EDA100C1EEB4 /* Build configuration list for PBXNativeTarget "Match the Members" */;
			buildPhases = (
				174D54332513ED9D00C1EEB4 /* Sources */,
				174D54342513ED9D00C1EEB4 /* Frameworks */,
				174D54352513ED9D00C1EEB4 /* Resources */,
			);
			buildRules = (
			);
			dependencies = (
			);
			name = "Match the Members";
			productName = "Match the Members";
			productReference = 174D54372513ED9D00C1EEB4 /* Match the Members.app */;
			productType = "com.apple.product-type.application";
		};
		174D544C2513EDA100C1EEB4 /* Match the MembersTests */ = {
			isa = PBXNativeTarget;
			buildConfigurationList = 174D54642513EDA100C1EEB4 /* Build configuration list for PBXNativeTarget "Match the MembersTests" */;
			buildPhases = (
				174D54492513EDA100C1EEB4 /* Sources */,
				174D544A2513EDA100C1EEB4 /* Frameworks */,
				174D544B2513EDA100C1EEB4 /* Resources */,
			);
			buildRules = (
			);
			dependencies = (
				174D544F2513EDA100C1EEB4 /* PBXTargetDependency */,
			);
			name = "Match the MembersTests";
			productName = "Match the MembersTests";
			productReference = 174D544D2513EDA100C1EEB4 /* Match the MembersTests.xctest */;
			productType = "com.apple.product-type.bundle.unit-test";
		};
		174D54572513EDA100C1EEB4 /* Match the MembersUITests */ = {
			isa = PBXNativeTarget;
			buildConfigurationList = 174D54672513EDA100C1EEB4 /* Build configuration list for PBXNativeTarget "Match the MembersUITests" */;
			buildPhases = (
				174D54542513EDA100C1EEB4 /* Sources */,
				174D54552513EDA100C1EEB4 /* Frameworks */,
				174D54562513EDA100C1EEB4 /* Resources */,
			);
			buildRules = (
			);
			dependencies = (
				174D545A2513EDA100C1EEB4 /* PBXTargetDependency */,
			);
			name = "Match the MembersUITests";
			productName = "Match the MembersUITests";
			productReference = 174D54582513EDA100C1EEB4 /* Match the MembersUITests.xctest */;
			productType = "com.apple.product-type.bundle.ui-testing";
		};
/* End PBXNativeTarget section */

/* Begin PBXProject section */
		174D542F2513ED9C00C1EEB4 /* Project object */ = {
			isa = PBXProject;
			attributes = {
				LastSwiftUpdateCheck = 1170;
				LastUpgradeCheck = 1170;
				ORGANIZATIONNAME = "Michelle Kroll";
				TargetAttributes = {
					174D54362513ED9D00C1EEB4 = {
						CreatedOnToolsVersion = 11.7;
					};
					174D544C2513EDA100C1EEB4 = {
						CreatedOnToolsVersion = 11.7;
						TestTargetID = 174D54362513ED9D00C1EEB4;
					};
					174D54572513EDA100C1EEB4 = {
						CreatedOnToolsVersion = 11.7;
						TestTargetID = 174D54362513ED9D00C1EEB4;
					};
				};
			};
			buildConfigurationList = 174D54322513ED9C00C1EEB4 /* Build configuration list for PBXProject "Match the Members" */;
			compatibilityVersion = "Xcode 9.3";
			developmentRegion = en;
			hasScannedForEncodings = 0;
			knownRegions = (
				en,
				Base,
			);
			mainGroup = 174D542E2513ED9C00C1EEB4;
			productRefGroup = 174D54382513ED9D00C1EEB4 /* Products */;
			projectDirPath = "";
			projectRoot = "";
			targets = (
				174D54362513ED9D00C1EEB4 /* Match the Members */,
				174D544C2513EDA100C1EEB4 /* Match the MembersTests */,
				174D54572513EDA100C1EEB4 /* Match the MembersUITests */,
			);
		};
/* End PBXProject section */

/* Begin PBXResourcesBuildPhase section */
		174D54352513ED9D00C1EEB4 /* Resources */ = {
			isa = PBXResourcesBuildPhase;
			buildActionMask = 2147483647;
			files = (
				174D54E32513F65A00C1EEB4 /* izzielau.jpeg in Resources */,
				174D55072513F65A00C1EEB4 /* danielandrews.jpg in Resources */,
				174D54EF2513F65A00C1EEB4 /* joeyhejna.jpg in Resources */,
				174D55342513F65A00C1EEB4 /* vidyaravikumar.jpg in Resources */,
				174D550D2513F65A00C1EEB4 /* michaellin.jpg in Resources */,
				174D55352513F65A00C1EEB4 /* vineethyeevani.jpg in Resources */,
				174D54FC2513F65A00C1EEB4 /* brandondavid.jpg in Resources */,
				174D55332513F65A00C1EEB4 /* jacquelinezhang.jpg in Resources */,
				174D55182513F65A00C1EEB4 /* sinjonsantos.jpg in Resources */,
				174D54F82513F65A00C1EEB4 /* anikabagga.jpg in Resources */,
				174D55222513F65A00C1EEB4 /* xinyichen.jpg in Resources */,
				174D552E2513F65A00C1EEB4 /* varunjhunjhunwalla.jpg in Resources */,
				174D55262513F65A00C1EEB4 /* ayushkumar.jpg in Resources */,
				174D54EE2513F65A00C1EEB4 /* andrewsantoso.jpg in Resources */,
				174D551D2513F65A00C1EEB4 /* willvavrik.jpg in Resources */,
				174D552B2513F65A00C1EEB4 /* nicholaswang.jpg in Resources */,
				174D552F2513F65A00C1EEB4 /* patrickyin.jpg in Resources */,
				174D54F72513F65A00C1EEB4 /* stephenjayakar.jpg in Resources */,
				174D54FA2513F65A00C1EEB4 /* nehanagabothu.jpg in Resources */,
				174D54EB2513F65A00C1EEB4 /* shomiljain.jpg in Resources */,
				174D54E22513F65A00C1EEB4 /* oliviali.jpg in Resources */,
				174D552A2513F65A00C1EEB4 /* yatinagarwal.jpg in Resources */,
				174D55112513F65A00C1EEB4 /* charlesyang.jpg in Resources */,
				174D55162513F65A00C1EEB4 /* jamesjung.jpg in Resources */,
				174D552C2513F65A00C1EEB4 /* aarushiagrawal.jpeg in Resources */,
				174D551C2513F65A00C1EEB4 /* aayushtyagi.jpg in Resources */,
				174D54E72513F65A00C1EEB4 /* shauryasanghvi.jpg in Resources */,
				174D55172513F65A00C1EEB4 /* saiyandapalli.jpg in Resources */,
				174D55362513F65A00C1EEB4 /* divyatadimeti.jpg in Resources */,
				174D552D2513F65A00C1EEB4 /* anitashen.jpg in Resources */,
				174D550E2513F65A00C1EEB4 /* radhikadhomse.jpg in Resources */,
				174D54F32513F65A00C1EEB4 /* paulshao.jpg in Resources */,
				174D54F22513F65A00C1EEB4 /* andresmedrano.jpg in Resources */,
				174D550C2513F65A00C1EEB4 /* afeestiamiyu.jpg in Resources */,
				174D55042513F65A00C1EEB4 /* noahpepper.jpg in Resources */,
				174D551B2513F65A00C1EEB4 /* salmanhusain.jpg in Resources */,
				174D55212513F65A00C1EEB4 /* abhinavkejriwal.jpg in Resources */,
				174D550F2513F65A00C1EEB4 /* shainachen.jpg in Resources */,
				174D54E42513F65A00C1EEB4 /* simranregmi.jpg in Resources */,
				174D54F62513F65A00C1EEB4 /* ianshen.jpg in Resources */,
				174D551A2513F65A00C1EEB4 /* nikhararora.jpg in Resources */,
				174D551E2513F65A00C1EEB4 /* maxemerling.jpg in Resources */,
				174D55142513F65A00C1EEB4 /* shivkushwah.jpg in Resources */,
				174D54E92513F65A00C1EEB4 /* rinivasan.jpeg in Resources */,
				174D55272513F65A00C1EEB4 /* samanthalee.jpg in Resources */,
				174D55092513F65A00C1EEB4 /* michellemao.jpg in Resources */,
				174D55152513F65A00C1EEB4 /* matthewlocayo.jpg in Resources */,
				174D54E52513F65A00C1EEB4 /* kianago.jpg in Resources */,
				174D54F02513F65A00C1EEB4 /* anikgupta.jpg in Resources */,
				174D54FB2513F65A00C1EEB4 /* candacechiang.jpg in Resources */,
				174D55322513F65A00C1EEB4 /* dohyuncheon.jpg in Resources */,
				174D55312513F65A00C1EEB4 /* japjotsingh.jpg in Resources */,
				174D54F12513F65A00C1EEB4 /* colinzhou.jpg in Resources */,
				174D55052513F65A00C1EEB4 /* mohitkatyal.jpg in Resources */,
				174D54FF2513F65A00C1EEB4 /* anandchandra.jpg in Resources */,
				174D55372513F65A00C1EEB4 /* vaibhavgattani.jpg in Resources */,
				174D54472513EDA100C1EEB4 /* LaunchScreen.storyboard in Resources */,
				174D55102513F65A00C1EEB4 /* ashwinkumar.jpg in Resources */,
				174D54EC2513F65A00C1EEB4 /* julietkim.jpg in Resources */,
				174D54EA2513F65A00C1EEB4 /* aadypillai.jpg in Resources */,
				174D55292513F65A00C1EEB4 /* kaylijiang.jpg in Resources */,
				174D55002513F65A00C1EEB4 /* candiceye.jpg in Resources */,
				174D55282513F65A00C1EEB4 /* shariewang.jpg in Resources */,
				174D54442513EDA100C1EEB4 /* Assets.xcassets in Resources */,
				174D55192513F65A00C1EEB4 /* erickong.jpg in Resources */,
				174D54ED2513F65A00C1EEB4 /* anjalithakrar.jpg in Resources */,
				174D55032513F65A00C1EEB4 /* maggieyi.jpg in Resources */,
				174D550A2513F65A00C1EEB4 /* geomorales.jpg in Resources */,
				174D550B2513F65A00C1EEB4 /* ashwinaggarwal.jpg in Resources */,
				174D551F2513F65A00C1EEB4 /* kanyesthaker.jpg in Resources */,
				174D55012513F65A00C1EEB4 /* mudabbirkhan.jpg in Resources */,
				174D54422513ED9D00C1EEB4 /* Main.storyboard in Resources */,
				174D54FD2513F65A00C1EEB4 /* willoakley.jpg in Resources */,
				174D55252513F65A00C1EEB4 /* victorsun.jpg in Resources */,
				174D55122513F65A00C1EEB4 /* athenaleong.jpg in Resources */,
				174D54F42513F65A00C1EEB4 /* shubhamgupta.jpg in Resources */,
				174D54F92513F65A00C1EEB4 /* melaniecooray.jpg in Resources */,
				174D55062513F65A00C1EEB4 /* karenalarcon.jpg in Resources */,
				174D54E62513F65A00C1EEB4 /* srujaykorlakunta.jpg in Resources */,
				174D54E82513F65A00C1EEB4 /* anmolparande.jpg in Resources */,
				174D54F52513F65A00C1EEB4 /* imrankhaliq.jpg in Resources */,
				174D55022513F65A00C1EEB4 /* katnisslee.jpg in Resources */,
				174D55132513F65A00C1EEB4 /* francischalissery.jpg in Resources */,
				174D55202513F65A00C1EEB4 /* shubhajagannatha.jpg in Resources */,
				174D55082513F65A00C1EEB4 /* maxmiranda.jpg in Resources */,
				174D55242513F65A00C1EEB4 /* ethanwong.jpg in Resources */,
				174D55232513F65A00C1EEB4 /* tylerreinecke.jpg in Resources */,
				174D55382513F65A00C1EEB4 /* ajaymerchia.jpg in Resources */,
				174D54FE2513F65A00C1EEB4 /* natashawong.jpg in Resources */,
				174D55302513F65A00C1EEB4 /* austindavis.jpg in Resources */,
			);
			runOnlyForDeploymentPostprocessing = 0;
		};
		174D544B2513EDA100C1EEB4 /* Resources */ = {
			isa = PBXResourcesBuildPhase;
			buildActionMask = 2147483647;
			files = (
			);
			runOnlyForDeploymentPostprocessing = 0;
		};
		174D54562513EDA100C1EEB4 /* Resources */ = {
			isa = PBXResourcesBuildPhase;
			buildActionMask = 2147483647;
			files = (
			);
			runOnlyForDeploymentPostprocessing = 0;
		};
/* End PBXResourcesBuildPhase section */

/* Begin PBXSourcesBuildPhase section */
		174D54332513ED9D00C1EEB4 /* Sources */ = {
			isa = PBXSourcesBuildPhase;
			buildActionMask = 2147483647;
			files = (
				174D54852513F5D200C1EEB4 /* GameDoneViewController.swift in Sources */,
				174D54702513EE4B00C1EEB4 /* SceneDelegate.swift in Sources */,
				174D54872513F61300C1EEB4 /* MainGameViewController.swift in Sources */,
				174D54812513F44C00C1EEB4 /* AppDelegate.swift in Sources */,
				174D54E12513F65A00C1EEB4 /* Constants.swift in Sources */,
				174D553A2513F68500C1EEB4 /* StartScreenViewController.swift in Sources */,
				174D553C2513F6A700C1EEB4 /* StatisticsScreenViewController.swift in Sources */,
			);
			runOnlyForDeploymentPostprocessing = 0;
		};
		174D54492513EDA100C1EEB4 /* Sources */ = {
			isa = PBXSourcesBuildPhase;
			buildActionMask = 2147483647;
			files = (
				174D54522513EDA100C1EEB4 /* Match_the_MembersTests.swift in Sources */,
			);
			runOnlyForDeploymentPostprocessing = 0;
		};
		174D54542513EDA100C1EEB4 /* Sources */ = {
			isa = PBXSourcesBuildPhase;
			buildActionMask = 2147483647;
			files = (
				174D545D2513EDA100C1EEB4 /* Match_the_MembersUITests.swift in Sources */,
			);
			runOnlyForDeploymentPostprocessing = 0;
		};
/* End PBXSourcesBuildPhase section */

/* Begin PBXTargetDependency section */
		174D544F2513EDA100C1EEB4 /* PBXTargetDependency */ = {
			isa = PBXTargetDependency;
			target = 174D54362513ED9D00C1EEB4 /* Match the Members */;
			targetProxy = 174D544E2513EDA100C1EEB4 /* PBXContainerItemProxy */;
		};
		174D545A2513EDA100C1EEB4 /* PBXTargetDependency */ = {
			isa = PBXTargetDependency;
			target = 174D54362513ED9D00C1EEB4 /* Match the Members */;
			targetProxy = 174D54592513EDA100C1EEB4 /* PBXContainerItemProxy */;
		};
/* End PBXTargetDependency section */

/* Begin PBXVariantGroup section */
		174D54402513ED9D00C1EEB4 /* Main.storyboard */ = {
			isa = PBXVariantGroup;
			children = (
				174D54412513ED9D00C1EEB4 /* Base */,
			);
			name = Main.storyboard;
			sourceTree = "<group>";
		};
		174D54452513EDA100C1EEB4 /* LaunchScreen.storyboard */ = {
			isa = PBXVariantGroup;
			children = (
				174D54462513EDA100C1EEB4 /* Base */,
			);
			name = LaunchScreen.storyboard;
			sourceTree = "<group>";
		};
/* End PBXVariantGroup section */

/* Begin XCBuildConfiguration section */
		174D545F2513EDA100C1EEB4 /* Debug */ = {
			isa = XCBuildConfiguration;
			buildSettings = {
				ALWAYS_SEARCH_USER_PATHS = NO;
				CLANG_ANALYZER_NONNULL = YES;
				CLANG_ANALYZER_NUMBER_OBJECT_CONVERSION = YES_AGGRESSIVE;
				CLANG_CXX_LANGUAGE_STANDARD = "gnu++14";
				CLANG_CXX_LIBRARY = "libc++";
				CLANG_ENABLE_MODULES = YES;
				CLANG_ENABLE_OBJC_ARC = YES;
				CLANG_ENABLE_OBJC_WEAK = YES;
				CLANG_WARN_BLOCK_CAPTURE_AUTORELEASING = YES;
				CLANG_WARN_BOOL_CONVERSION = YES;
				CLANG_WARN_COMMA = YES;
				CLANG_WARN_CONSTANT_CONVERSION = YES;
				CLANG_WARN_DEPRECATED_OBJC_IMPLEMENTATIONS = YES;
				CLANG_WARN_DIRECT_OBJC_ISA_USAGE = YES_ERROR;
				CLANG_WARN_DOCUMENTATION_COMMENTS = YES;
				CLANG_WARN_EMPTY_BODY = YES;
				CLANG_WARN_ENUM_CONVERSION = YES;
				CLANG_WARN_INFINITE_RECURSION = YES;
				CLANG_WARN_INT_CONVERSION = YES;
				CLANG_WARN_NON_LITERAL_NULL_CONVERSION = YES;
				CLANG_WARN_OBJC_IMPLICIT_RETAIN_SELF = YES;
				CLANG_WARN_OBJC_LITERAL_CONVERSION = YES;
				CLANG_WARN_OBJC_ROOT_CLASS = YES_ERROR;
				CLANG_WARN_RANGE_LOOP_ANALYSIS = YES;
				CLANG_WARN_STRICT_PROTOTYPES = YES;
				CLANG_WARN_SUSPICIOUS_MOVE = YES;
				CLANG_WARN_UNGUARDED_AVAILABILITY = YES_AGGRESSIVE;
				CLANG_WARN_UNREACHABLE_CODE = YES;
				CLANG_WARN__DUPLICATE_METHOD_MATCH = YES;
				COPY_PHASE_STRIP = NO;
				DEBUG_INFORMATION_FORMAT = dwarf;
				ENABLE_STRICT_OBJC_MSGSEND = YES;
				ENABLE_TESTABILITY = YES;
				GCC_C_LANGUAGE_STANDARD = gnu11;
				GCC_DYNAMIC_NO_PIC = NO;
				GCC_NO_COMMON_BLOCKS = YES;
				GCC_OPTIMIZATION_LEVEL = 0;
				GCC_PREPROCESSOR_DEFINITIONS = (
					"DEBUG=1",
					"$(inherited)",
				);
				GCC_WARN_64_TO_32_BIT_CONVERSION = YES;
				GCC_WARN_ABOUT_RETURN_TYPE = YES_ERROR;
				GCC_WARN_UNDECLARED_SELECTOR = YES;
				GCC_WARN_UNINITIALIZED_AUTOS = YES_AGGRESSIVE;
				GCC_WARN_UNUSED_FUNCTION = YES;
				GCC_WARN_UNUSED_VARIABLE = YES;
				IPHONEOS_DEPLOYMENT_TARGET = 13.7;
				MTL_ENABLE_DEBUG_INFO = INCLUDE_SOURCE;
				MTL_FAST_MATH = YES;
				ONLY_ACTIVE_ARCH = YES;
				SDKROOT = iphoneos;
				SWIFT_ACTIVE_COMPILATION_CONDITIONS = DEBUG;
				SWIFT_OPTIMIZATION_LEVEL = "-Onone";
			};
			name = Debug;
		};
		174D54602513EDA100C1EEB4 /* Release */ = {
			isa = XCBuildConfiguration;
			buildSettings = {
				ALWAYS_SEARCH_USER_PATHS = NO;
				CLANG_ANALYZER_NONNULL = YES;
				CLANG_ANALYZER_NUMBER_OBJECT_CONVERSION = YES_AGGRESSIVE;
				CLANG_CXX_LANGUAGE_STANDARD = "gnu++14";
				CLANG_CXX_LIBRARY = "libc++";
				CLANG_ENABLE_MODULES = YES;
				CLANG_ENABLE_OBJC_ARC = YES;
				CLANG_ENABLE_OBJC_WEAK = YES;
				CLANG_WARN_BLOCK_CAPTURE_AUTORELEASING = YES;
				CLANG_WARN_BOOL_CONVERSION = YES;
				CLANG_WARN_COMMA = YES;
				CLANG_WARN_CONSTANT_CONVERSION = YES;
				CLANG_WARN_DEPRECATED_OBJC_IMPLEMENTATIONS = YES;
				CLANG_WARN_DIRECT_OBJC_ISA_USAGE = YES_ERROR;
				CLANG_WARN_DOCUMENTATION_COMMENTS = YES;
				CLANG_WARN_EMPTY_BODY = YES;
				CLANG_WARN_ENUM_CONVERSION = YES;
				CLANG_WARN_INFINITE_RECURSION = YES;
				CLANG_WARN_INT_CONVERSION = YES;
				CLANG_WARN_NON_LITERAL_NULL_CONVERSION = YES;
				CLANG_WARN_OBJC_IMPLICIT_RETAIN_SELF = YES;
				CLANG_WARN_OBJC_LITERAL_CONVERSION = YES;
				CLANG_WARN_OBJC_ROOT_CLASS = YES_ERROR;
				CLANG_WARN_RANGE_LOOP_ANALYSIS = YES;
				CLANG_WARN_STRICT_PROTOTYPES = YES;
				CLANG_WARN_SUSPICIOUS_MOVE = YES;
				CLANG_WARN_UNGUARDED_AVAILABILITY = YES_AGGRESSIVE;
				CLANG_WARN_UNREACHABLE_CODE = YES;
				CLANG_WARN__DUPLICATE_METHOD_MATCH = YES;
				COPY_PHASE_STRIP = NO;
				DEBUG_INFORMATION_FORMAT = "dwarf-with-dsym";
				ENABLE_NS_ASSERTIONS = NO;
				ENABLE_STRICT_OBJC_MSGSEND = YES;
				GCC_C_LANGUAGE_STANDARD = gnu11;
				GCC_NO_COMMON_BLOCKS = YES;
				GCC_WARN_64_TO_32_BIT_CONVERSION = YES;
				GCC_WARN_ABOUT_RETURN_TYPE = YES_ERROR;
				GCC_WARN_UNDECLARED_SELECTOR = YES;
				GCC_WARN_UNINITIALIZED_AUTOS = YES_AGGRESSIVE;
				GCC_WARN_UNUSED_FUNCTION = YES;
				GCC_WARN_UNUSED_VARIABLE = YES;
				IPHONEOS_DEPLOYMENT_TARGET = 13.7;
				MTL_ENABLE_DEBUG_INFO = NO;
				MTL_FAST_MATH = YES;
				SDKROOT = iphoneos;
				SWIFT_COMPILATION_MODE = wholemodule;
				SWIFT_OPTIMIZATION_LEVEL = "-O";
				VALIDATE_PRODUCT = YES;
			};
			name = Release;
		};
		174D54622513EDA100C1EEB4 /* Debug */ = {
			isa = XCBuildConfiguration;
			buildSettings = {
				ASSETCATALOG_COMPILER_APPICON_NAME = AppIcon;
				CODE_SIGN_STYLE = Automatic;
				INFOPLIST_FILE = "Match the Members/Info.plist";
				LD_RUNPATH_SEARCH_PATHS = (
					"$(inherited)",
					"@executable_path/Frameworks",
				);
				PRODUCT_BUNDLE_IDENTIFIER = "com.mkroll.Match-the-Members";
				PRODUCT_NAME = "$(TARGET_NAME)";
				SWIFT_VERSION = 5.0;
				TARGETED_DEVICE_FAMILY = "1,2";
			};
			name = Debug;
		};
		174D54632513EDA100C1EEB4 /* Release */ = {
			isa = XCBuildConfiguration;
			buildSettings = {
				ASSETCATALOG_COMPILER_APPICON_NAME = AppIcon;
				CODE_SIGN_STYLE = Automatic;
				INFOPLIST_FILE = "Match the Members/Info.plist";
				LD_RUNPATH_SEARCH_PATHS = (
					"$(inherited)",
					"@executable_path/Frameworks",
				);
				PRODUCT_BUNDLE_IDENTIFIER = "com.mkroll.Match-the-Members";
				PRODUCT_NAME = "$(TARGET_NAME)";
				SWIFT_VERSION = 5.0;
				TARGETED_DEVICE_FAMILY = "1,2";
			};
			name = Release;
		};
		174D54652513EDA100C1EEB4 /* Debug */ = {
			isa = XCBuildConfiguration;
			buildSettings = {
				ALWAYS_EMBED_SWIFT_STANDARD_LIBRARIES = YES;
				BUNDLE_LOADER = "$(TEST_HOST)";
				CODE_SIGN_STYLE = Automatic;
				INFOPLIST_FILE = "Match the MembersTests/Info.plist";
				IPHONEOS_DEPLOYMENT_TARGET = 13.7;
				LD_RUNPATH_SEARCH_PATHS = (
					"$(inherited)",
					"@executable_path/Frameworks",
					"@loader_path/Frameworks",
				);
				PRODUCT_BUNDLE_IDENTIFIER = "com.mkroll.Match-the-MembersTests";
				PRODUCT_NAME = "$(TARGET_NAME)";
				SWIFT_VERSION = 5.0;
				TARGETED_DEVICE_FAMILY = "1,2";
				TEST_HOST = "$(BUILT_PRODUCTS_DIR)/Match the Members.app/Match the Members";
			};
			name = Debug;
		};
		174D54662513EDA100C1EEB4 /* Release */ = {
			isa = XCBuildConfiguration;
			buildSettings = {
				ALWAYS_EMBED_SWIFT_STANDARD_LIBRARIES = YES;
				BUNDLE_LOADER = "$(TEST_HOST)";
				CODE_SIGN_STYLE = Automatic;
				INFOPLIST_FILE = "Match the MembersTests/Info.plist";
				IPHONEOS_DEPLOYMENT_TARGET = 13.7;
				LD_RUNPATH_SEARCH_PATHS = (
					"$(inherited)",
					"@executable_path/Frameworks",
					"@loader_path/Frameworks",
				);
				PRODUCT_BUNDLE_IDENTIFIER = "com.mkroll.Match-the-MembersTests";
				PRODUCT_NAME = "$(TARGET_NAME)";
				SWIFT_VERSION = 5.0;
				TARGETED_DEVICE_FAMILY = "1,2";
				TEST_HOST = "$(BUILT_PRODUCTS_DIR)/Match the Members.app/Match the Members";
			};
			name = Release;
		};
		174D54682513EDA100C1EEB4 /* Debug */ = {
			isa = XCBuildConfiguration;
			buildSettings = {
				ALWAYS_EMBED_SWIFT_STANDARD_LIBRARIES = YES;
				CODE_SIGN_STYLE = Automatic;
				INFOPLIST_FILE = "Match the MembersUITests/Info.plist";
				LD_RUNPATH_SEARCH_PATHS = (
					"$(inherited)",
					"@executable_path/Frameworks",
					"@loader_path/Frameworks",
				);
				PRODUCT_BUNDLE_IDENTIFIER = "com.mkroll.Match-the-MembersUITests";
				PRODUCT_NAME = "$(TARGET_NAME)";
				SWIFT_VERSION = 5.0;
				TARGETED_DEVICE_FAMILY = "1,2";
				TEST_TARGET_NAME = "Match the Members";
			};
			name = Debug;
		};
		174D54692513EDA100C1EEB4 /* Release */ = {
			isa = XCBuildConfiguration;
			buildSettings = {
				ALWAYS_EMBED_SWIFT_STANDARD_LIBRARIES = YES;
				CODE_SIGN_STYLE = Automatic;
				INFOPLIST_FILE = "Match the MembersUITests/Info.plist";
				LD_RUNPATH_SEARCH_PATHS = (
					"$(inherited)",
					"@executable_path/Frameworks",
					"@loader_path/Frameworks",
				);
				PRODUCT_BUNDLE_IDENTIFIER = "com.mkroll.Match-the-MembersUITests";
				PRODUCT_NAME = "$(TARGET_NAME)";
				SWIFT_VERSION = 5.0;
				TARGETED_DEVICE_FAMILY = "1,2";
				TEST_TARGET_NAME = "Match the Members";
			};
			name = Release;
		};
/* End XCBuildConfiguration section */

/* Begin XCConfigurationList section */
		174D54322513ED9C00C1EEB4 /* Build configuration list for PBXProject "Match the Members" */ = {
			isa = XCConfigurationList;
			buildConfigurations = (
				174D545F2513EDA100C1EEB4 /* Debug */,
				174D54602513EDA100C1EEB4 /* Release */,
			);
			defaultConfigurationIsVisible = 0;
			defaultConfigurationName = Release;
		};
		174D54612513EDA100C1EEB4 /* Build configuration list for PBXNativeTarget "Match the Members" */ = {
			isa = XCConfigurationList;
			buildConfigurations = (
				174D54622513EDA100C1EEB4 /* Debug */,
				174D54632513EDA100C1EEB4 /* Release */,
			);
			defaultConfigurationIsVisible = 0;
			defaultConfigurationName = Release;
		};
		174D54642513EDA100C1EEB4 /* Build configuration list for PBXNativeTarget "Match the MembersTests" */ = {
			isa = XCConfigurationList;
			buildConfigurations = (
				174D54652513EDA100C1EEB4 /* Debug */,
				174D54662513EDA100C1EEB4 /* Release */,
			);
			defaultConfigurationIsVisible = 0;
			defaultConfigurationName = Release;
		};
		174D54672513EDA100C1EEB4 /* Build configuration list for PBXNativeTarget "Match the MembersUITests" */ = {
			isa = XCConfigurationList;
			buildConfigurations = (
				174D54682513EDA100C1EEB4 /* Debug */,
				174D54692513EDA100C1EEB4 /* Release */,
			);
			defaultConfigurationIsVisible = 0;
			defaultConfigurationName = Release;
		};
/* End XCConfigurationList section */
	};
	rootObject = 174D542F2513ED9C00C1EEB4 /* Project object */;
}
